
Microsoft Visual Studio Solution File, Format Version 12.00
Project("{FAE04EC0-301F-11D3-BF4B-00C04F79EFBC}") = "grpc2", "grpc2\grpc2.csproj", "{8C9C308E-CC33-499A-A549-CEE95B57E34A}"
EndProject
Project("{FAE04EC0-301F-11D3-BF4B-00C04F79EFBC}") = "grpc2client", "grpc2client\grpc2client.csproj", "{FF3B0AAA-B2D1-43A5-83CA-5EAF66866544}"
EndProject
Global
	GlobalSection(SolutionConfigurationPlatforms) = preSolution
		Debug|Any CPU = Debug|Any CPU
		Release|Any CPU = Release|Any CPU
	EndGlobalSection
	GlobalSection(ProjectConfigurationPlatforms) = postSolution
		{8C9C308E-CC33-499A-A549-CEE95B57E34A}.Debug|Any CPU.ActiveCfg = Debug|Any CPU
		{8C9C308E-CC33-499A-A549-CEE95B57E34A}.Debug|Any CPU.Build.0 = Debug|Any CPU
		{8C9C308E-CC33-499A-A549-CEE95B57E34A}.Release|Any CPU.ActiveCfg = Release|Any CPU
		{8C9C308E-CC33-499A-A549-CEE95B57E34A}.Release|Any CPU.Build.0 = Release|Any CPU
		{FF3B0AAA-B2D1-43A5-83CA-5EAF66866544}.Debug|Any CPU.ActiveCfg = Debug|Any CPU
		{FF3B0AAA-B2D1-43A5-83CA-5EAF66866544}.Debug|Any CPU.Build.0 = Debug|Any CPU
		{FF3B0AAA-B2D1-43A5-83CA-5EAF66866544}.Release|Any CPU.ActiveCfg = Release|Any CPU
		{FF3B0AAA-B2D1-43A5-83CA-5EAF66866544}.Release|Any CPU.Build.0 = Release|Any CPU
	EndGlobalSection
EndGlobal
